// !$*UTF8*$!
{
	archiveVersion = 1;
	classes = {
	};
	objectVersion = 46;
	objects = {

/* Begin PBXBuildFile section */
		8428E1F91EDD8DB300A531F3 /* AppDelegate.swift in Sources */ = {isa = PBXBuildFile; fileRef = 8428E1F81EDD8DB300A531F3 /* AppDelegate.swift */; };
		8428E1FE1EDD8DB300A531F3 /* Main.storyboard in Resources */ = {isa = PBXBuildFile; fileRef = 8428E1FC1EDD8DB300A531F3 /* Main.storyboard */; };
		8428E2001EDD8DB300A531F3 /* Assets.xcassets in Resources */ = {isa = PBXBuildFile; fileRef = 8428E1FF1EDD8DB300A531F3 /* Assets.xcassets */; };
		8428E2031EDD8DB300A531F3 /* LaunchScreen.storyboard in Resources */ = {isa = PBXBuildFile; fileRef = 8428E2011EDD8DB300A531F3 /* LaunchScreen.storyboard */; };
		8428E2111EDD905500A531F3 /* TweetTableViewController.swift in Sources */ = {isa = PBXBuildFile; fileRef = 8428E2101EDD905500A531F3 /* TweetTableViewController.swift */; };
		8428E2161EDD984000A531F3 /* Twitter.framework in Frameworks */ = {isa = PBXBuildFile; fileRef = 8428E2121EDD976500A531F3 /* Twitter.framework */; };
		8428E2171EDD984000A531F3 /* Twitter.framework in Embed Frameworks */ = {isa = PBXBuildFile; fileRef = 8428E2121EDD976500A531F3 /* Twitter.framework */; settings = {ATTRIBUTES = (CodeSignOnCopy, RemoveHeadersOnCopy, ); }; };
		848964D61F0E5996005C4E2D /* Smash.xcdatamodeld in Sources */ = {isa = PBXBuildFile; fileRef = 848964D31F0E564B005C4E2D /* Smash.xcdatamodeld */; };
		848964D81F0E66C5005C4E2D /* Tweet.swift in Sources */ = {isa = PBXBuildFile; fileRef = 848964D71F0E66C5005C4E2D /* Tweet.swift */; };
		848964DA1F0E673D005C4E2D /* TwitterUser.swift in Sources */ = {isa = PBXBuildFile; fileRef = 848964D91F0E673D005C4E2D /* TwitterUser.swift */; };
		848964DC1F0E699D005C4E2D /* SmashTweetTableViewController.swift in Sources */ = {isa = PBXBuildFile; fileRef = 848964DB1F0E699D005C4E2D /* SmashTweetTableViewController.swift */; };
		84F0E10C1EF93C410079A34A /* RecentSearches.swift in Sources */ = {isa = PBXBuildFile; fileRef = 84F0E10B1EF93C410079A34A /* RecentSearches.swift */; };
		84F0E10E1EF947D80079A34A /* RecentTableViewController.swift in Sources */ = {isa = PBXBuildFile; fileRef = 84F0E10D1EF947D80079A34A /* RecentTableViewController.swift */; };
		84F0E1101F012E020079A34A /* TweetCollectionViewController.swift in Sources */ = {isa = PBXBuildFile; fileRef = 84F0E10F1F012E020079A34A /* TweetCollectionViewController.swift */; };
		84F0E1121F0141450079A34A /* TweetCollectionViewCell.swift in Sources */ = {isa = PBXBuildFile; fileRef = 84F0E1111F0141450079A34A /* TweetCollectionViewCell.swift */; };
		F71589571EEDD7BE00B8BCBC /* ImageViewController.swift in Sources */ = {isa = PBXBuildFile; fileRef = F71589561EEDD7BE00B8BCBC /* ImageViewController.swift */; };
		F717CCAB1F096719009526B1 /* CHTCollectionViewWaterfallLayout.swift in Sources */ = {isa = PBXBuildFile; fileRef = F717CCAA1F096719009526B1 /* CHTCollectionViewWaterfallLayout.swift */; };
		F75C61BF1EDDF39F00C1DB87 /* TweetTableViewCell.swift in Sources */ = {isa = PBXBuildFile; fileRef = F75C61BE1EDDF39F00C1DB87 /* TweetTableViewCell.swift */; };
		F7ADF4111F000D58001587B5 /* WebViewController.swift in Sources */ = {isa = PBXBuildFile; fileRef = F7ADF4101F000D58001587B5 /* WebViewController.swift */; };
		F7FB8E7E1EE47680004121A9 /* ImageTableViewCell.swift in Sources */ = {isa = PBXBuildFile; fileRef = F7FB8E7D1EE47680004121A9 /* ImageTableViewCell.swift */; };
		F7FB8E801EE47862004121A9 /* MentionsTableViewController.swift in Sources */ = {isa = PBXBuildFile; fileRef = F7FB8E7F1EE47862004121A9 /* MentionsTableViewController.swift */; };
/* End PBXBuildFile section */

/* Begin PBXCopyFilesBuildPhase section */
		8428E2181EDD984000A531F3 /* Embed Frameworks */ = {
			isa = PBXCopyFilesBuildPhase;
			buildActionMask = 2147483647;
			dstPath = "";
			dstSubfolderSpec = 10;
			files = (
				8428E2171EDD984000A531F3 /* Twitter.framework in Embed Frameworks */,
			);
			name = "Embed Frameworks";
			runOnlyForDeploymentPostprocessing = 0;
		};
/* End PBXCopyFilesBuildPhase section */

/* Begin PBXFileReference section */
		8428E1F51EDD8DB300A531F3 /* Smashtag.app */ = {isa = PBXFileReference; explicitFileType = wrapper.application; includeInIndex = 0; path = Smashtag.app; sourceTree = BUILT_PRODUCTS_DIR; };
		8428E1F81EDD8DB300A531F3 /* AppDelegate.swift */ = {isa = PBXFileReference; lastKnownFileType = sourcecode.swift; path = AppDelegate.swift; sourceTree = "<group>"; };
		8428E1FD1EDD8DB300A531F3 /* Base */ = {isa = PBXFileReference; lastKnownFileType = file.storyboard; name = Base; path = Base.lproj/Main.storyboard; sourceTree = "<group>"; };
		8428E1FF1EDD8DB300A531F3 /* Assets.xcassets */ = {isa = PBXFileReference; lastKnownFileType = folder.assetcatalog; path = Assets.xcassets; sourceTree = "<group>"; };
		8428E2021EDD8DB300A531F3 /* Base */ = {isa = PBXFileReference; lastKnownFileType = file.storyboard; name = Base; path = Base.lproj/LaunchScreen.storyboard; sourceTree = "<group>"; };
		8428E2041EDD8DB300A531F3 /* Info.plist */ = {isa = PBXFileReference; lastKnownFileType = text.plist.xml; path = Info.plist; sourceTree = "<group>"; };
		8428E2101EDD905500A531F3 /* TweetTableViewController.swift */ = {isa = PBXFileReference; fileEncoding = 4; lastKnownFileType = sourcecode.swift; path = TweetTableViewController.swift; sourceTree = "<group>"; };
		8428E2121EDD976500A531F3 /* Twitter.framework */ = {isa = PBXFileReference; explicitFileType = wrapper.framework; path = Twitter.framework; sourceTree = BUILT_PRODUCTS_DIR; };
		848964D41F0E564B005C4E2D /* Smash.xcdatamodel */ = {isa = PBXFileReference; lastKnownFileType = wrapper.xcdatamodel; path = Smash.xcdatamodel; sourceTree = "<group>"; };
		848964D71F0E66C5005C4E2D /* Tweet.swift */ = {isa = PBXFileReference; fileEncoding = 4; lastKnownFileType = sourcecode.swift; path = Tweet.swift; sourceTree = "<group>"; };
		848964D91F0E673D005C4E2D /* TwitterUser.swift */ = {isa = PBXFileReference; fileEncoding = 4; lastKnownFileType = sourcecode.swift; path = TwitterUser.swift; sourceTree = "<group>"; };
		848964DB1F0E699D005C4E2D /* SmashTweetTableViewController.swift */ = {isa = PBXFileReference; fileEncoding = 4; lastKnownFileType = sourcecode.swift; path = SmashTweetTableViewController.swift; sourceTree = "<group>"; };
		84F0E10B1EF93C410079A34A /* RecentSearches.swift */ = {isa = PBXFileReference; fileEncoding = 4; lastKnownFileType = sourcecode.swift; path = RecentSearches.swift; sourceTree = "<group>"; };
		84F0E10D1EF947D80079A34A /* RecentTableViewController.swift */ = {isa = PBXFileReference; fileEncoding = 4; lastKnownFileType = sourcecode.swift; path = RecentTableViewController.swift; sourceTree = "<group>"; };
		84F0E10F1F012E020079A34A /* TweetCollectionViewController.swift */ = {isa = PBXFileReference; fileEncoding = 4; lastKnownFileType = sourcecode.swift; path = TweetCollectionViewController.swift; sourceTree = "<group>"; };
		84F0E1111F0141450079A34A /* TweetCollectionViewCell.swift */ = {isa = PBXFileReference; fileEncoding = 4; lastKnownFileType = sourcecode.swift; path = TweetCollectionViewCell.swift; sourceTree = "<group>"; };
		F71589561EEDD7BE00B8BCBC /* ImageViewController.swift */ = {isa = PBXFileReference; fileEncoding = 4; lastKnownFileType = sourcecode.swift; path = ImageViewController.swift; sourceTree = "<group>"; };
		F717CCAA1F096719009526B1 /* CHTCollectionViewWaterfallLayout.swift */ = {isa = PBXFileReference; fileEncoding = 4; lastKnownFileType = sourcecode.swift; path = CHTCollectionViewWaterfallLayout.swift; sourceTree = "<group>"; };
		F75C61BE1EDDF39F00C1DB87 /* TweetTableViewCell.swift */ = {isa = PBXFileReference; fileEncoding = 4; lastKnownFileType = sourcecode.swift; path = TweetTableViewCell.swift; sourceTree = "<group>"; };
		F7ADF4101F000D58001587B5 /* WebViewController.swift */ = {isa = PBXFileReference; fileEncoding = 4; lastKnownFileType = sourcecode.swift; path = WebViewController.swift; sourceTree = "<group>"; };
		F7FB8E7D1EE47680004121A9 /* ImageTableViewCell.swift */ = {isa = PBXFileReference; fileEncoding = 4; lastKnownFileType = sourcecode.swift; path = ImageTableViewCell.swift; sourceTree = "<group>"; };
		F7FB8E7F1EE47862004121A9 /* MentionsTableViewController.swift */ = {isa = PBXFileReference; fileEncoding = 4; lastKnownFileType = sourcecode.swift; path = MentionsTableViewController.swift; sourceTree = "<group>"; };
/* End PBXFileReference section */

/* Begin PBXFrameworksBuildPhase section */
		8428E1F21EDD8DB300A531F3 /* Frameworks */ = {
			isa = PBXFrameworksBuildPhase;
			buildActionMask = 2147483647;
			files = (
				8428E2161EDD984000A531F3 /* Twitter.framework in Frameworks */,
			);
			runOnlyForDeploymentPostprocessing = 0;
		};
/* End PBXFrameworksBuildPhase section */

/* Begin PBXGroup section */
		8428E1EC1EDD8DB300A531F3 = {
			isa = PBXGroup;
			children = (
				8428E2121EDD976500A531F3 /* Twitter.framework */,
				8428E1F61EDD8DB300A531F3 /* Products */,
				8428E1F71EDD8DB300A531F3 /* Smashtag */,
			);
			sourceTree = "<group>";
		};
		8428E1F61EDD8DB300A531F3 /* Products */ = {
			isa = PBXGroup;
			children = (
				8428E1F51EDD8DB300A531F3 /* Smashtag.app */,
			);
			name = Products;
			sourceTree = "<group>";
		};
		8428E1F71EDD8DB300A531F3 /* Smashtag */ = {
			isa = PBXGroup;
			children = (
				848964D31F0E564B005C4E2D /* Smash.xcdatamodeld */,
				848964D91F0E673D005C4E2D /* TwitterUser.swift */,
				848964DB1F0E699D005C4E2D /* SmashTweetTableViewController.swift */,
				848964D71F0E66C5005C4E2D /* Tweet.swift */,
				8428E2101EDD905500A531F3 /* TweetTableViewController.swift */,
				84F0E10F1F012E020079A34A /* TweetCollectionViewController.swift */,
				F717CCAA1F096719009526B1 /* CHTCollectionViewWaterfallLayout.swift */,
				84F0E10D1EF947D80079A34A /* RecentTableViewController.swift */,
				84F0E10B1EF93C410079A34A /* RecentSearches.swift */,
				8428E1FC1EDD8DB300A531F3 /* Main.storyboard */,
				84F0E1111F0141450079A34A /* TweetCollectionViewCell.swift */,
				F7ADF4101F000D58001587B5 /* WebViewController.swift */,
				F7FB8E7F1EE47862004121A9 /* MentionsTableViewController.swift */,
				F7FB8E7D1EE47680004121A9 /* ImageTableViewCell.swift */,
				F75C61BE1EDDF39F00C1DB87 /* TweetTableViewCell.swift */,
				F71589561EEDD7BE00B8BCBC /* ImageViewController.swift */,
				8428E2041EDD8DB300A531F3 /* Info.plist */,
				8428E20B1EDD8E3F00A531F3 /* Supporting Files */,
			);
			path = Smashtag;
			sourceTree = "<group>";
		};
		8428E20B1EDD8E3F00A531F3 /* Supporting Files */ = {
			isa = PBXGroup;
			children = (
				8428E1F81EDD8DB300A531F3 /* AppDelegate.swift */,
				8428E1FF1EDD8DB300A531F3 /* Assets.xcassets */,
				8428E2011EDD8DB300A531F3 /* LaunchScreen.storyboard */,
			);
			name = "Supporting Files";
			sourceTree = "<group>";
		};
/* End PBXGroup section */

/* Begin PBXNativeTarget section */
		8428E1F41EDD8DB300A531F3 /* Smashtag */ = {
			isa = PBXNativeTarget;
			buildConfigurationList = 8428E2071EDD8DB300A531F3 /* Build configuration list for PBXNativeTarget "Smashtag" */;
			buildPhases = (
				8428E1F11EDD8DB300A531F3 /* Sources */,
				8428E1F21EDD8DB300A531F3 /* Frameworks */,
				8428E1F31EDD8DB300A531F3 /* Resources */,
				8428E2181EDD984000A531F3 /* Embed Frameworks */,
			);
			buildRules = (
			);
			dependencies = (
			);
			name = Smashtag;
			productName = Smashtag;
			productReference = 8428E1F51EDD8DB300A531F3 /* Smashtag.app */;
			productType = "com.apple.product-type.application";
		};
/* End PBXNativeTarget section */

/* Begin PBXProject section */
		8428E1ED1EDD8DB300A531F3 /* Project object */ = {
			isa = PBXProject;
			attributes = {
				LastSwiftUpdateCheck = 0820;
				LastUpgradeCheck = 0820;
				ORGANIZATIONNAME = Admin;
				TargetAttributes = {
					8428E1F41EDD8DB300A531F3 = {
						CreatedOnToolsVersion = 8.2.1;
						ProvisioningStyle = Automatic;
					};
				};
			};
			buildConfigurationList = 8428E1F01EDD8DB300A531F3 /* Build configuration list for PBXProject "Smashtag" */;
			compatibilityVersion = "Xcode 3.2";
			developmentRegion = English;
			hasScannedForEncodings = 0;
			knownRegions = (
				en,
				Base,
			);
			mainGroup = 8428E1EC1EDD8DB300A531F3;
			productRefGroup = 8428E1F61EDD8DB300A531F3 /* Products */;
			projectDirPath = "";
			projectRoot = "";
			targets = (
				8428E1F41EDD8DB300A531F3 /* Smashtag */,
			);
		};
/* End PBXProject section */

/* Begin PBXResourcesBuildPhase section */
		8428E1F31EDD8DB300A531F3 /* Resources */ = {
			isa = PBXResourcesBuildPhase;
			buildActionMask = 2147483647;
			files = (
				8428E2031EDD8DB300A531F3 /* LaunchScreen.storyboard in Resources */,
				8428E2001EDD8DB300A531F3 /* Assets.xcassets in Resources */,
				8428E1FE1EDD8DB300A531F3 /* Main.storyboard in Resources */,
			);
			runOnlyForDeploymentPostprocessing = 0;
		};
/* End PBXResourcesBuildPhase section */

/* Begin PBXSourcesBuildPhase section */
		8428E1F11EDD8DB300A531F3 /* Sources */ = {
			isa = PBXSourcesBuildPhase;
			buildActionMask = 2147483647;
			files = (
				8428E1F91EDD8DB300A531F3 /* AppDelegate.swift in Sources */,
				F7ADF4111F000D58001587B5 /* WebViewController.swift in Sources */,
				F7FB8E7E1EE47680004121A9 /* ImageTableViewCell.swift in Sources */,
				848964D81F0E66C5005C4E2D /* Tweet.swift in Sources */,
				84F0E10E1EF947D80079A34A /* RecentTableViewController.swift in Sources */,
				848964DA1F0E673D005C4E2D /* TwitterUser.swift in Sources */,
				8428E2111EDD905500A531F3 /* TweetTableViewController.swift in Sources */,
				848964D61F0E5996005C4E2D /* Smash.xcdatamodeld in Sources */,
				84F0E10C1EF93C410079A34A /* RecentSearches.swift in Sources */,
				F75C61BF1EDDF39F00C1DB87 /* TweetTableViewCell.swift in Sources */,
				848964DC1F0E699D005C4E2D /* SmashTweetTableViewController.swift in Sources */,
				F71589571EEDD7BE00B8BCBC /* ImageViewController.swift in Sources */,
				84F0E1121F0141450079A34A /* TweetCollectionViewCell.swift in Sources */,
				84F0E1101F012E020079A34A /* TweetCollectionViewController.swift in Sources */,
				F7FB8E801EE47862004121A9 /* MentionsTableViewController.swift in Sources */,
				F717CCAB1F096719009526B1 /* CHTCollectionViewWaterfallLayout.swift in Sources */,
			);
			runOnlyForDeploymentPostprocessing = 0;
		};
/* End PBXSourcesBuildPhase section */

/* Begin PBXVariantGroup section */
		8428E1FC1EDD8DB300A531F3 /* Main.storyboard */ = {
			isa = PBXVariantGroup;
			children = (
				8428E1FD1EDD8DB300A531F3 /* Base */,
			);
			name = Main.storyboard;
			sourceTree = "<group>";
		};
		8428E2011EDD8DB300A531F3 /* LaunchScreen.storyboard */ = {
			isa = PBXVariantGroup;
			children = (
				8428E2021EDD8DB300A531F3 /* Base */,
			);
			name = LaunchScreen.storyboard;
			sourceTree = "<group>";
		};
/* End PBXVariantGroup section */

/* Begin XCBuildConfiguration section */
		8428E2051EDD8DB300A531F3 /* Debug */ = {
			isa = XCBuildConfiguration;
			buildSettings = {
				ALWAYS_SEARCH_USER_PATHS = NO;
				CLANG_ANALYZER_NONNULL = YES;
				CLANG_CXX_LANGUAGE_STANDARD = "gnu++0x";
				CLANG_CXX_LIBRARY = "libc++";
				CLANG_ENABLE_MODULES = YES;
				CLANG_ENABLE_OBJC_ARC = YES;
				CLANG_WARN_BOOL_CONVERSION = YES;
				CLANG_WARN_CONSTANT_CONVERSION = YES;
				CLANG_WARN_DIRECT_OBJC_ISA_USAGE = YES_ERROR;
				CLANG_WARN_DOCUMENTATION_COMMENTS = YES;
				CLANG_WARN_EMPTY_BODY = YES;
				CLANG_WARN_ENUM_CONVERSION = YES;
				CLANG_WARN_INFINITE_RECURSION = YES;
				CLANG_WARN_INT_CONVERSION = YES;
				CLANG_WARN_OBJC_ROOT_CLASS = YES_ERROR;
				CLANG_WARN_SUSPICIOUS_MOVE = YES;
				CLANG_WARN_UNREACHABLE_CODE = YES;
				CLANG_WARN__DUPLICATE_METHOD_MATCH = YES;
				"CODE_SIGN_IDENTITY[sdk=iphoneos*]" = "iPhone Developer";
				COPY_PHASE_STRIP = NO;
				DEBUG_INFORMATION_FORMAT = dwarf;
				ENABLE_STRICT_OBJC_MSGSEND = YES;
				ENABLE_TESTABILITY = YES;
				GCC_C_LANGUAGE_STANDARD = gnu99;
				GCC_DYNAMIC_NO_PIC = NO;
				GCC_NO_COMMON_BLOCKS = YES;
				GCC_OPTIMIZATION_LEVEL = 0;
				GCC_PREPROCESSOR_DEFINITIONS = (
					"DEBUG=1",
					"$(inherited)",
				);
				GCC_WARN_64_TO_32_BIT_CONVERSION = YES;
				GCC_WARN_ABOUT_RETURN_TYPE = YES_ERROR;
				GCC_WARN_UNDECLARED_SELECTOR = YES;
				GCC_WARN_UNINITIALIZED_AUTOS = YES_AGGRESSIVE;
				GCC_WARN_UNUSED_FUNCTION = YES;
				GCC_WARN_UNUSED_VARIABLE = YES;
				IPHONEOS_DEPLOYMENT_TARGET = 10.2;
				MTL_ENABLE_DEBUG_INFO = YES;
				ONLY_ACTIVE_ARCH = YES;
				SDKROOT = iphoneos;
				SWIFT_ACTIVE_COMPILATION_CONDITIONS = DEBUG;
				SWIFT_OPTIMIZATION_LEVEL = "-Onone";
			};
			name = Debug;
		};
		8428E2061EDD8DB300A531F3 /* Release */ = {
			isa = XCBuildConfiguration;
			buildSettings = {
				ALWAYS_SEARCH_USER_PATHS = NO;
				CLANG_ANALYZER_NONNULL = YES;
				CLANG_CXX_LANGUAGE_STANDARD = "gnu++0x";
				CLANG_CXX_LIBRARY = "libc++";
				CLANG_ENABLE_MODULES = YES;
				CLANG_ENABLE_OBJC_ARC = YES;
				CLANG_WARN_BOOL_CONVERSION = YES;
				CLANG_WARN_CONSTANT_CONVERSION = YES;
				CLANG_WARN_DIRECT_OBJC_ISA_USAGE = YES_ERROR;
				CLANG_WARN_DOCUMENTATION_COMMENTS = YES;
				CLANG_WARN_EMPTY_BODY = YES;
				CLANG_WARN_ENUM_CONVERSION = YES;
				CLANG_WARN_INFINITE_RECURSION = YES;
				CLANG_WARN_INT_CONVERSION = YES;
				CLANG_WARN_OBJC_ROOT_CLASS = YES_ERROR;
				CLANG_WARN_SUSPICIOUS_MOVE = YES;
				CLANG_WARN_UNREACHABLE_CODE = YES;
				CLANG_WARN__DUPLICATE_METHOD_MATCH = YES;
				"CODE_SIGN_IDENTITY[sdk=iphoneos*]" = "iPhone Developer";
				COPY_PHASE_STRIP = NO;
				DEBUG_INFORMATION_FORMAT = "dwarf-with-dsym";
				ENABLE_NS_ASSERTIONS = NO;
				ENABLE_STRICT_OBJC_MSGSEND = YES;
				GCC_C_LANGUAGE_STANDARD = gnu99;
				GCC_NO_COMMON_BLOCKS = YES;
				GCC_WARN_64_TO_32_BIT_CONVERSION = YES;
				GCC_WARN_ABOUT_RETURN_TYPE = YES_ERROR;
				GCC_WARN_UNDECLARED_SELECTOR = YES;
				GCC_WARN_UNINITIALIZED_AUTOS = YES_AGGRESSIVE;
				GCC_WARN_UNUSED_FUNCTION = YES;
				GCC_WARN_UNUSED_VARIABLE = YES;
				IPHONEOS_DEPLOYMENT_TARGET = 10.2;
				MTL_ENABLE_DEBUG_INFO = NO;
				SDKROOT = iphoneos;
				SWIFT_OPTIMIZATION_LEVEL = "-Owholemodule";
				VALIDATE_PRODUCT = YES;
			};
			name = Release;
		};
		8428E2081EDD8DB300A531F3 /* Debug */ = {
			isa = XCBuildConfiguration;
			buildSettings = {
				ASSETCATALOG_COMPILER_APPICON_NAME = AppIcon;
				INFOPLIST_FILE = Smashtag/Info.plist;
				LD_RUNPATH_SEARCH_PATHS = "$(inherited) @executable_path/Frameworks";
				PRODUCT_BUNDLE_IDENTIFIER = com.gleb.maltcev.Smashtag;
				PRODUCT_NAME = "$(TARGET_NAME)";
				SWIFT_VERSION = 3.0;
			};
			name = Debug;
		};
		8428E2091EDD8DB300A531F3 /* Release */ = {
			isa = XCBuildConfiguration;
			buildSettings = {
				ASSETCATALOG_COMPILER_APPICON_NAME = AppIcon;
				INFOPLIST_FILE = Smashtag/Info.plist;
				LD_RUNPATH_SEARCH_PATHS = "$(inherited) @executable_path/Frameworks";
				PRODUCT_BUNDLE_IDENTIFIER = com.gleb.maltcev.Smashtag;
				PRODUCT_NAME = "$(TARGET_NAME)";
				SWIFT_VERSION = 3.0;
			};
			name = Release;
		};
/* End XCBuildConfiguration section */

/* Begin XCConfigurationList section */
		8428E1F01EDD8DB300A531F3 /* Build configuration list for PBXProject "Smashtag" */ = {
			isa = XCConfigurationList;
			buildConfigurations = (
				8428E2051EDD8DB300A531F3 /* Debug */,
				8428E2061EDD8DB300A531F3 /* Release */,
			);
			defaultConfigurationIsVisible = 0;
			defaultConfigurationName = Release;
		};
		8428E2071EDD8DB300A531F3 /* Build configuration list for PBXNativeTarget "Smashtag" */ = {
			isa = XCConfigurationList;
			buildConfigurations = (
				8428E2081EDD8DB300A531F3 /* Debug */,
				8428E2091EDD8DB300A531F3 /* Release */,
			);
			defaultConfigurationIsVisible = 0;
			defaultConfigurationName = Release;
		};
/* End XCConfigurationList section */

/* Begin XCVersionGroup section */
		848964D31F0E564B005C4E2D /* Smash.xcdatamodeld */ = {
			isa = XCVersionGroup;
			children = (
				848964D41F0E564B005C4E2D /* Smash.xcdatamodel */,
			);
			currentVersion = 848964D41F0E564B005C4E2D /* Smash.xcdatamodel */;
			path = Smash.xcdatamodeld;
			sourceTree = "<group>";
			versionGroupType = wrapper.xcdatamodel;
		};
/* End XCVersionGroup section */
	};
	rootObject = 8428E1ED1EDD8DB300A531F3 /* Project object */;
}
